<?xml version="1.0" encoding="utf-8"?>
<Project ToolsVersion="4.0" xmlns="http://schemas.microsoft.com/developer/msbuild/2003">
  <ItemGroup>
    <Filter Include="Source Files">
      <UniqueIdentifier>{67bebf86-9539-4f7f-b9e9-a376519ec1f1}</UniqueIdentifier>
    </Filter>
    <Filter Include="Header Files">
      <UniqueIdentifier>{954a8f61-1c3e-419b-baca-c5e2b83c689a}</UniqueIdentifier>
    </Filter>
    <Filter Include="Assets">
      <UniqueIdentifier>{09095d68-bcd7-45c4-b007-5c8ddb5d60a4}</UniqueIdentifier>
    </Filter>
    <Filter Include="Assets\Shaders">
      <UniqueIdentifier>{8b0cb0c9-e0d8-4107-91c8-11654fac88e7}</UniqueIdentifier>
    </Filter>
    <Filter Include="Header Files\Util">
      <UniqueIdentifier>{500a71f9-a0df-431e-9f3b-5d4ab5e3942b}</UniqueIdentifier>
    </Filter>
    <Filter Include="Source Files\Util">
      <UniqueIdentifier>{93d5e482-943e-4182-8023-5676929aec55}</UniqueIdentifier>
    </Filter>
    <Filter Include="Assets\Shaders\Util">
      <UniqueIdentifier>{87b45108-4083-4b05-a52d-914447b5fc90}</UniqueIdentifier>
    </Filter>
    <Filter Include="Source Files\Model Loading">
      <UniqueIdentifier>{e4885519-2b7c-4cdb-8e2f-e684a3681765}</UniqueIdentifier>
    </Filter>
    <Filter Include="Header Files\Model Loading">
      <UniqueIdentifier>{773b6a14-b7dc-49d4-bd7e-149577422ea9}</UniqueIdentifier>
    </Filter>
    <Filter Include="Header Files\Core">
      <UniqueIdentifier>{08ee5a70-032a-4cd7-a699-00abb8ce8570}</UniqueIdentifier>
    </Filter>
    <Filter Include="Source Files\Actors">
      <UniqueIdentifier>{b1672cfb-0047-43af-aa7b-214ffd71f379}</UniqueIdentifier>
    </Filter>
  </ItemGroup>
  <ItemGroup>
    <ClInclude Include="d3dx12.h">
      <Filter>Header Files\Util</Filter>
    </ClInclude>
    <ClInclude Include="src\D3D12RaytracingSimpleLighting.h">
      <Filter>Header Files</Filter>
    </ClInclude>
    <ClInclude Include="src\stdafx.h">
      <Filter>Header Files</Filter>
    </ClInclude>
    <ClInclude Include="src\DXSample.h">
      <Filter>Header Files\Util</Filter>
    </ClInclude>
    <ClInclude Include="src\DXSampleHelper.h">
      <Filter>Header Files\Util</Filter>
    </ClInclude>
    <ClInclude Include="src\StepTimer.h">
      <Filter>Header Files\Util</Filter>
    </ClInclude>
    <ClInclude Include="src\Win32Application.h">
      <Filter>Header Files\Util</Filter>
    </ClInclude>
    <ClInclude Include="src\shaders\util\HlslCompat.h">
      <Filter>Assets\Shaders\Util</Filter>
    </ClInclude>
    <ClInclude Include="src\shaders\RayTracingHlslCompat.h">
      <Filter>Assets\Shaders</Filter>
    </ClInclude>
    <ClInclude Include="src\DeviceResources.h">
      <Filter>Header Files\Util</Filter>
    </ClInclude>
    <ClInclude Include="src\DirectXRaytracingHelper.h">
      <Filter>Header Files</Filter>
    </ClInclude>
    <ClInclude Include="src\model_loading\Asset.h">
      <Filter>Header Files\Model Loading</Filter>
    </ClInclude>
    <ClInclude Include="src\core\Common.h">
      <Filter>Header Files\Core</Filter>
    </ClInclude>
    <ClInclude Include="src\model_loading\AssetDatabase.h">
      <Filter>Header Files\Model Loading</Filter>
    </ClInclude>
    <ClInclude Include="src\model_loading\Geometry.h">
      <Filter>Header Files\Model Loading</Filter>
    </ClInclude>
    <ClInclude Include="src\model_loading\Material.h">
      <Filter>Header Files\Model Loading</Filter>
    </ClInclude>
    <ClInclude Include="src\model_loading\Texture.h">
      <Filter>Header Files\Model Loading</Filter>
    </ClInclude>
    <ClInclude Include="src\model_loading\tiny_obj_loader.h">
      <Filter>Header Files\Model Loading</Filter>
    </ClInclude>
    <ClInclude Include="src\core\Texture.h">
      <Filter>Header Files\Core</Filter>
    </ClInclude>
    <ClInclude Include="src\core\Vertex.h">
      <Filter>Header Files\Core</Filter>
    </ClInclude>
  </ItemGroup>
  <ItemGroup>
    <ClCompile Include="src\D3D12RaytracingSimpleLighting.cpp">
      <Filter>Source Files</Filter>
    </ClCompile>
    <ClCompile Include="src\stdafx.cpp">
      <Filter>Source Files</Filter>
    </ClCompile>
    <ClCompile Include="src\Main.cpp">
      <Filter>Source Files</Filter>
    </ClCompile>
    <ClCompile Include="src\DeviceResources.cpp">
      <Filter>Source Files\Util</Filter>
    </ClCompile>
    <ClCompile Include="src\DXSample.cpp">
      <Filter>Source Files\Util</Filter>
    </ClCompile>
    <ClCompile Include="src\Win32Application.cpp">
      <Filter>Source Files\Util</Filter>
    </ClCompile>
    <ClCompile Include="src\model_loading\tiny_obj_loader.cc" />
  </ItemGroup>
  <ItemGroup>
    <None Include="packages.config" />
  </ItemGroup>
  <ItemGroup>
    <FxCompile Include="src\shaders\Raytracing.hlsl" />
  </ItemGroup>
  <ItemGroup>
    <Object Include="src\objects\Aline.obj" />
    <Object Include="src\objects\Chromie.obj" />
    <Object Include="src\objects\innerBuildings.obj" />
    <Object Include="src\objects\Johanna.obj" />
    <Object Include="src\objects\sky_floor_lod1.obj" />
    <Object Include="src\objects\sponza.obj" />
    <Object Include="src\objects\suzanne.obj" />
    <Object Include="src\objects\wahoo.obj" />
    <Object Include="src\objects\dragon.obj" />
    <Object Include="src\objects\Cerberus.obj" />
  </ItemGroup>
  <ItemGroup>
    <Image Include="src\textures\Aline_Basic_Map.tga" />
    <Image Include="src\textures\Aline_Norm_Map.tga" />
    <Image Include="src\textures\Aline_Spec_Map.tga" />
    <Image Include="src\textures\Checker.jpg" />
    <Image Include="src\textures\storm_hero_chromie_ultimate_diff.tga" />
    <Image Include="src\textures\storm_hero_chromie_ultimate_emis.tga" />
    <Image Include="src\textures\storm_hero_chromie_ultimate_norm.tga" />
    <Image Include="src\textures\storm_hero_chromie_ultimate_spec.tga" />
    <Image Include="src\textures\storm_hero_d3crusaderf_base_diff.tga" />
    <Image Include="src\textures\storm_hero_d3crusaderf_base_emis.tga" />
    <Image Include="src\textures\storm_hero_d3crusaderf_base_norm.tga" />
    <Image Include="src\textures\storm_hero_d3crusaderf_base_spec.tga" />
    <Image Include="src\textures\texture.jpg" />
  </ItemGroup>
</Project>