<?xml version="1.0" encoding="utf-8"?>
<Project ToolsVersion="4.0" xmlns="http://schemas.microsoft.com/developer/msbuild/2003">
  <ItemGroup>
    <Filter Include="Source Files">
      <UniqueIdentifier>{67bebf86-9539-4f7f-b9e9-a376519ec1f1}</UniqueIdentifier>
    </Filter>
    <Filter Include="Header Files">
      <UniqueIdentifier>{954a8f61-1c3e-419b-baca-c5e2b83c689a}</UniqueIdentifier>
    </Filter>
    <Filter Include="Assets">
      <UniqueIdentifier>{09095d68-bcd7-45c4-b007-5c8ddb5d60a4}</UniqueIdentifier>
    </Filter>
    <Filter Include="Assets\Shaders">
      <UniqueIdentifier>{8b0cb0c9-e0d8-4107-91c8-11654fac88e7}</UniqueIdentifier>
    </Filter>
    <Filter Include="Assets\Shaders\Util">
      <UniqueIdentifier>{87b45108-4083-4b05-a52d-914447b5fc90}</UniqueIdentifier>
    </Filter>
    <Filter Include="Util">
      <UniqueIdentifier>{29439c3e-b36c-4159-b308-d13309ffa838}</UniqueIdentifier>
    </Filter>
    <Filter Include="Util\include">
      <UniqueIdentifier>{1d07379d-9a6e-4357-8e07-d7ca58ac2e9f}</UniqueIdentifier>
    </Filter>
    <Filter Include="Util\src">
      <UniqueIdentifier>{63f84f8c-3861-4ff2-9af5-10af08fbdfb6}</UniqueIdentifier>
    </Filter>
    <Filter Include="Util\CDX">
      <UniqueIdentifier>{7d4edc65-b1b9-4edd-b34c-6d7e1146261d}</UniqueIdentifier>
    </Filter>
    <Filter Include="Util\CDX\include">
      <UniqueIdentifier>{14fad6cd-3c2f-4527-a5ed-1466e94c30ef}</UniqueIdentifier>
    </Filter>
    <Filter Include="Util\CDX\src">
      <UniqueIdentifier>{d1bdf214-099d-49bf-a0b1-8688e8d30949}</UniqueIdentifier>
    </Filter>
    <Filter Include="External">
      <UniqueIdentifier>{11a2b192-51e0-4e99-818b-47e3f751d864}</UniqueIdentifier>
    </Filter>
    <Filter Include="External\include">
      <UniqueIdentifier>{4962d73b-24e2-4c9c-831f-aa2421cb9b2e}</UniqueIdentifier>
    </Filter>
  </ItemGroup>
  <ItemGroup>
    <ClInclude Include="stdafx.h">
      <Filter>Header Files</Filter>
    </ClInclude>
    <ClInclude Include="DirectXRaytracingHelper.h">
      <Filter>Header Files</Filter>
    </ClInclude>
    <ClInclude Include="HlslCompat.h">
      <Filter>Assets\Shaders\Util</Filter>
    </ClInclude>
    <ClInclude Include="RaytracingHlslCompat.h">
      <Filter>Assets\Shaders</Filter>
    </ClInclude>
    <ClInclude Include="D3D12Raytracingばか.h">
      <Filter>Header Files</Filter>
    </ClInclude>
    <ClInclude Include="Win32Application.h">
      <Filter>Util\CDX\include</Filter>
    </ClInclude>
    <ClInclude Include="d3dx12.h">
      <Filter>Util\CDX\include</Filter>
    </ClInclude>
    <ClInclude Include="DeviceResources.h">
      <Filter>Util\CDX\include</Filter>
    </ClInclude>
    <ClInclude Include="DXSample.h">
      <Filter>Util\CDX\include</Filter>
    </ClInclude>
    <ClInclude Include="DXSampleHelper.h">
      <Filter>Util\CDX\include</Filter>
    </ClInclude>
    <ClInclude Include="StepTimer.h">
      <Filter>Util\CDX\include</Filter>
    </ClInclude>
    <ClInclude Include="CommandQueue.h">
      <Filter>Util\include</Filter>
    </ClInclude>
    <ClInclude Include="llvm-expected.h">
      <Filter>External\include</Filter>
    </ClInclude>
    <ClInclude Include="ResourceHelper.h">
      <Filter>Util\include</Filter>
    </ClInclude>
    <ClInclude Include="RootAllocator.h">
      <Filter>Util\include</Filter>
    </ClInclude>
    <ClInclude Include="RayTracingPipeline.h">
      <Filter>Util\include</Filter>
    </ClInclude>
    <ClInclude Include="RayTracingShaderTable.h">
      <Filter>Util\include</Filter>
    </ClInclude>
    <ClInclude Include="RayTracingAcclerationStructure.h">
      <Filter>Util\include</Filter>
    </ClInclude>
    <ClInclude Include="RaytracingApi.h">
      <Filter>Util\include</Filter>
    </ClInclude>
    <ClInclude Include="RaytracingManager.h" />
    <ClInclude Include="RaytracingDeviceHolder.h" />
  </ItemGroup>
  <ItemGroup>
    <ClCompile Include="stdafx.cpp">
      <Filter>Source Files</Filter>
    </ClCompile>
    <ClCompile Include="Main.cpp">
      <Filter>Source Files</Filter>
    </ClCompile>
    <ClCompile Include="D3D12Raytracingばか.cpp">
      <Filter>Source Files</Filter>
    </ClCompile>
    <ClCompile Include="DeviceResources.cpp">
      <Filter>Util\CDX\src</Filter>
    </ClCompile>
    <ClCompile Include="DXSample.cpp">
      <Filter>Util\CDX\src</Filter>
    </ClCompile>
    <ClCompile Include="Win32Application.cpp">
      <Filter>Util\CDX\src</Filter>
    </ClCompile>
    <ClCompile Include="CommandQueue.cpp">
      <Filter>Util\src</Filter>
    </ClCompile>
    <ClCompile Include="ResourceHelper.cpp">
      <Filter>Util\src</Filter>
    </ClCompile>
    <ClCompile Include="RootAllocator.cpp">
      <Filter>Util\src</Filter>
    </ClCompile>
    <ClCompile Include="RayTracingPipeline.cpp">
      <Filter>Util\src</Filter>
    </ClCompile>
    <ClCompile Include="RayTracingShaderTable.cpp">
      <Filter>Util\src</Filter>
    </ClCompile>
    <ClCompile Include="RayTracingAcclerationStructure.cpp">
      <Filter>Util\src</Filter>
    </ClCompile>
    <ClCompile Include="RaytracingApi.cpp">
      <Filter>Util\src</Filter>
    </ClCompile>
    <ClCompile Include="RaytracingManager.cpp" />
    <ClCompile Include="RaytracingDeviceHolder.cpp" />
  </ItemGroup>
</Project>